
Microsoft Visual Studio Solution File, Format Version 11.00
# Visual Studio 2010
Project("{FAE04EC0-301F-11D3-BF4B-00C04F79EFBC}") = "结构体", "结构体\结构体.csproj", "{3CED927A-F4C0-4CC4-9239-E834BFB3C75D}"
EndProject
Global
	GlobalSection(SolutionConfigurationPlatforms) = preSolution
		Debug|x86 = Debug|x86
		Release|x86 = Release|x86
	EndGlobalSection
	GlobalSection(ProjectConfigurationPlatforms) = postSolution
		{3CED927A-F4C0-4CC4-9239-E834BFB3C75D}.Debug|x86.ActiveCfg = Debug|x86
		{3CED927A-F4C0-4CC4-9239-E834BFB3C75D}.Debug|x86.Build.0 = Debug|x86
		{3CED927A-F4C0-4CC4-9239-E834BFB3C75D}.Release|x86.ActiveCfg = Release|x86
		{3CED927A-F4C0-4CC4-9239-E834BFB3C75D}.Release|x86.Build.0 = Release|x86
	EndGlobalSection
	GlobalSection(SolutionProperties) = preSolution
		HideSolutionNode = FALSE
	EndGlobalSection
EndGlobal
